// !$*UTF8*$!
{
	archiveVersion = 1;
	classes = {
	};
	objectVersion = 55;
	objects = {

/* Begin PBXBuildFile section */
		3B4BD0A729661B7000AE4454 /* LoginTextField.swift in Sources */ = {isa = PBXBuildFile; fileRef = 3B4BD0A629661B7000AE4454 /* LoginTextField.swift */; };
		3B4BD0A9296A9FF000AE4454 /* OrSeparatorView.swift in Sources */ = {isa = PBXBuildFile; fileRef = 3B4BD0A8296A9FF000AE4454 /* OrSeparatorView.swift */; };
		3B4BD0AB296AA68600AE4454 /* SeparatorView.swift in Sources */ = {isa = PBXBuildFile; fileRef = 3B4BD0AA296AA68600AE4454 /* SeparatorView.swift */; };
		3B4BD0AD2973451900AE4454 /* LoginFooterView.swift in Sources */ = {isa = PBXBuildFile; fileRef = 3B4BD0AC2973451900AE4454 /* LoginFooterView.swift */; };
		3B4BD0AF29735A8A00AE4454 /* UIColor.swift in Sources */ = {isa = PBXBuildFile; fileRef = 3B4BD0AE29735A8A00AE4454 /* UIColor.swift */; };
		3B55E2332919A262007969B0 /* RoundButton.swift in Sources */ = {isa = PBXBuildFile; fileRef = 3B55E2322919A262007969B0 /* RoundButton.swift */; };
		3B55E2352919A609007969B0 /* HomeViewControllerNavBar.swift in Sources */ = {isa = PBXBuildFile; fileRef = 3B55E2342919A609007969B0 /* HomeViewControllerNavBar.swift */; };
		3B55E2372919ADEF007969B0 /* MainButton.swift in Sources */ = {isa = PBXBuildFile; fileRef = 3B55E2362919ADEF007969B0 /* MainButton.swift */; };
		3B5AC83928FB772B00BD8402 /* AppDelegate.swift in Sources */ = {isa = PBXBuildFile; fileRef = 3B5AC83828FB772B00BD8402 /* AppDelegate.swift */; };
		3B5AC83D28FB772B00BD8402 /* HomeViewController.swift in Sources */ = {isa = PBXBuildFile; fileRef = 3B5AC83C28FB772B00BD8402 /* HomeViewController.swift */; };
		3B5AC84228FB772C00BD8402 /* Assets.xcassets in Resources */ = {isa = PBXBuildFile; fileRef = 3B5AC84128FB772C00BD8402 /* Assets.xcassets */; };
		3B5AC84528FB772C00BD8402 /* LaunchScreen.storyboard in Resources */ = {isa = PBXBuildFile; fileRef = 3B5AC84328FB772C00BD8402 /* LaunchScreen.storyboard */; };
		3B5AC85228FE166A00BD8402 /* MainViewController.swift in Sources */ = {isa = PBXBuildFile; fileRef = 3B5AC85128FE166A00BD8402 /* MainViewController.swift */; };
		3B5AC85528FE1B2800BD8402 /* SearchViewController.swift in Sources */ = {isa = PBXBuildFile; fileRef = 3B5AC85428FE1B2800BD8402 /* SearchViewController.swift */; };
		3B5AC85728FE1B5E00BD8402 /* VideoViewController.swift in Sources */ = {isa = PBXBuildFile; fileRef = 3B5AC85628FE1B5E00BD8402 /* VideoViewController.swift */; };
		3B5AC85928FE1B6500BD8402 /* ShopViewController.swift in Sources */ = {isa = PBXBuildFile; fileRef = 3B5AC85828FE1B6500BD8402 /* ShopViewController.swift */; };
		3B5AC85B28FE1B7300BD8402 /* ProfileViewController.swift in Sources */ = {isa = PBXBuildFile; fileRef = 3B5AC85A28FE1B7300BD8402 /* ProfileViewController.swift */; };
		3B5AC85D28FE1DE100BD8402 /* UIViewController+Utils.swift in Sources */ = {isa = PBXBuildFile; fileRef = 3B5AC85C28FE1DE100BD8402 /* UIViewController+Utils.swift */; };
		3B5BE96B29A7437F005253A4 /* IGEndpoint.swift in Sources */ = {isa = PBXBuildFile; fileRef = 3B5BE96A29A7437F005253A4 /* IGEndpoint.swift */; };
		3B5BE96D29A74396005253A4 /* IGService.swift in Sources */ = {isa = PBXBuildFile; fileRef = 3B5BE96C29A74396005253A4 /* IGService.swift */; };
		3B5BE96F29A743C5005253A4 /* IGRequest.swift in Sources */ = {isa = PBXBuildFile; fileRef = 3B5BE96E29A743C5005253A4 /* IGRequest.swift */; };
		3B5BE97129A743F5005253A4 /* LocalState.swift in Sources */ = {isa = PBXBuildFile; fileRef = 3B5BE97029A743F5005253A4 /* LocalState.swift */; };
		3B5BE97329A74410005253A4 /* Optional.swift in Sources */ = {isa = PBXBuildFile; fileRef = 3B5BE97229A74410005253A4 /* Optional.swift */; };
		3B5BE97529A74425005253A4 /* String.swift in Sources */ = {isa = PBXBuildFile; fileRef = 3B5BE97429A74425005253A4 /* String.swift */; };
		3B5BE97729A74440005253A4 /* UserDefaults.swift in Sources */ = {isa = PBXBuildFile; fileRef = 3B5BE97629A74440005253A4 /* UserDefaults.swift */; };
		3B5BE97929A74718005253A4 /* AuthService.swift in Sources */ = {isa = PBXBuildFile; fileRef = 3B5BE97829A74718005253A4 /* AuthService.swift */; };
		3B5BE97C29A74741005253A4 /* UserCredential.swift in Sources */ = {isa = PBXBuildFile; fileRef = 3B5BE97B29A74741005253A4 /* UserCredential.swift */; };
		3B64A4332973D55200CB5303 /* LoginOptionView.swift in Sources */ = {isa = PBXBuildFile; fileRef = 3B64A4322973D55200CB5303 /* LoginOptionView.swift */; };
		3B64A4352973D92300CB5303 /* UIView.swift in Sources */ = {isa = PBXBuildFile; fileRef = 3B64A4342973D92300CB5303 /* UIView.swift */; };
		3B65C63528FF1C020095799E /* Post.swift in Sources */ = {isa = PBXBuildFile; fileRef = 3B65C63428FF1C020095799E /* Post.swift */; };
		3B65C63728FF1E950095799E /* APICaller.swift in Sources */ = {isa = PBXBuildFile; fileRef = 3B65C63628FF1E950095799E /* APICaller.swift */; };
		3B6C54D7290253C9005972E4 /* ProfileImageView.swift in Sources */ = {isa = PBXBuildFile; fileRef = 3B6C54D6290253C9005972E4 /* ProfileImageView.swift */; };
		3B725A2E2979CCCB00A137FE /* UINavigationController.swift in Sources */ = {isa = PBXBuildFile; fileRef = 3B725A2D2979CCCB00A137FE /* UINavigationController.swift */; };
		3B725A31297A318500A137FE /* IGUINavigationController.swift in Sources */ = {isa = PBXBuildFile; fileRef = 3B725A30297A318500A137FE /* IGUINavigationController.swift */; };
		3B725A34297C7A6900A137FE /* UIStackView.swift in Sources */ = {isa = PBXBuildFile; fileRef = 3B725A33297C7A6900A137FE /* UIStackView.swift */; };
		3B7936D8290DABEA001770D4 /* UIImage.swift in Sources */ = {isa = PBXBuildFile; fileRef = 3B7936D7290DABEA001770D4 /* UIImage.swift */; };
		3B8D32A6290718740069A015 /* ImageSource.swift in Sources */ = {isa = PBXBuildFile; fileRef = 3B8D32A5290718740069A015 /* ImageSource.swift */; };
		3B8F51172904879C00FA37F5 /* PostManager.swift in Sources */ = {isa = PBXBuildFile; fileRef = 3B8F51162904879C00FA37F5 /* PostManager.swift */; };
		3B8F511A29048FF300FA37F5 /* PostCellViewModel.swift in Sources */ = {isa = PBXBuildFile; fileRef = 3B8F511929048FF300FA37F5 /* PostCellViewModel.swift */; };
		3B9742AE2904C69200FBC339 /* UIImageView+Utils.swift in Sources */ = {isa = PBXBuildFile; fileRef = 3B9742AD2904C69200FBC339 /* UIImageView+Utils.swift */; };
		3BB03D852904A2A1009872DB /* IGUser.swift in Sources */ = {isa = PBXBuildFile; fileRef = 3BB03D842904A2A1009872DB /* IGUser.swift */; };
		3BDB48262902335F00E0FBA4 /* PostImageCell.swift in Sources */ = {isa = PBXBuildFile; fileRef = 3BDB48252902335F00E0FBA4 /* PostImageCell.swift */; };
		3BDB482929023EAD00E0FBA4 /* PostHeaderCell.swift in Sources */ = {isa = PBXBuildFile; fileRef = 3BDB482829023EAD00E0FBA4 /* PostHeaderCell.swift */; };
		3BDEB2D429629F140041F33C /* LoginViewController.swift in Sources */ = {isa = PBXBuildFile; fileRef = 3BDEB2D329629F140041F33C /* LoginViewController.swift */; };
		3BDEB2D72965E7940041F33C /* Constant.swift in Sources */ = {isa = PBXBuildFile; fileRef = 3BDEB2D62965E7940041F33C /* Constant.swift */; };
		3BE43927297756520016AB56 /* SignupViewController.swift in Sources */ = {isa = PBXBuildFile; fileRef = 3BE43926297756520016AB56 /* SignupViewController.swift */; };
		3BE4392A297879C90016AB56 /* SignupMethodButton.swift in Sources */ = {isa = PBXBuildFile; fileRef = 3BE43929297879C90016AB56 /* SignupMethodButton.swift */; };
		3BE44E5B2912DA280000A3E7 /* PostActionCell.swift in Sources */ = {isa = PBXBuildFile; fileRef = 3BE44E5A2912DA280000A3E7 /* PostActionCell.swift */; };
		3BE44E5F291303310000A3E7 /* PostCommentCell.swift in Sources */ = {isa = PBXBuildFile; fileRef = 3BE44E5E291303310000A3E7 /* PostCommentCell.swift */; };
/* End PBXBuildFile section */

/* Begin PBXFileReference section */
		3B4BD0A629661B7000AE4454 /* LoginTextField.swift */ = {isa = PBXFileReference; lastKnownFileType = sourcecode.swift; path = LoginTextField.swift; sourceTree = "<group>"; };
		3B4BD0A8296A9FF000AE4454 /* OrSeparatorView.swift */ = {isa = PBXFileReference; lastKnownFileType = sourcecode.swift; path = OrSeparatorView.swift; sourceTree = "<group>"; };
		3B4BD0AA296AA68600AE4454 /* SeparatorView.swift */ = {isa = PBXFileReference; lastKnownFileType = sourcecode.swift; path = SeparatorView.swift; sourceTree = "<group>"; };
		3B4BD0AC2973451900AE4454 /* LoginFooterView.swift */ = {isa = PBXFileReference; lastKnownFileType = sourcecode.swift; path = LoginFooterView.swift; sourceTree = "<group>"; };
		3B4BD0AE29735A8A00AE4454 /* UIColor.swift */ = {isa = PBXFileReference; lastKnownFileType = sourcecode.swift; path = UIColor.swift; sourceTree = "<group>"; };
		3B55E2322919A262007969B0 /* RoundButton.swift */ = {isa = PBXFileReference; lastKnownFileType = sourcecode.swift; path = RoundButton.swift; sourceTree = "<group>"; };
		3B55E2342919A609007969B0 /* HomeViewControllerNavBar.swift */ = {isa = PBXFileReference; lastKnownFileType = sourcecode.swift; path = HomeViewControllerNavBar.swift; sourceTree = "<group>"; };
		3B55E2362919ADEF007969B0 /* MainButton.swift */ = {isa = PBXFileReference; lastKnownFileType = sourcecode.swift; path = MainButton.swift; sourceTree = "<group>"; };
		3B5AC83528FB772B00BD8402 /* Instagram.app */ = {isa = PBXFileReference; explicitFileType = wrapper.application; includeInIndex = 0; path = Instagram.app; sourceTree = BUILT_PRODUCTS_DIR; };
		3B5AC83828FB772B00BD8402 /* AppDelegate.swift */ = {isa = PBXFileReference; lastKnownFileType = sourcecode.swift; path = AppDelegate.swift; sourceTree = "<group>"; };
		3B5AC83C28FB772B00BD8402 /* HomeViewController.swift */ = {isa = PBXFileReference; lastKnownFileType = sourcecode.swift; path = HomeViewController.swift; sourceTree = "<group>"; };
		3B5AC84128FB772C00BD8402 /* Assets.xcassets */ = {isa = PBXFileReference; lastKnownFileType = folder.assetcatalog; path = Assets.xcassets; sourceTree = "<group>"; };
		3B5AC84428FB772C00BD8402 /* Base */ = {isa = PBXFileReference; lastKnownFileType = file.storyboard; name = Base; path = Base.lproj/LaunchScreen.storyboard; sourceTree = "<group>"; };
		3B5AC84628FB772C00BD8402 /* Info.plist */ = {isa = PBXFileReference; lastKnownFileType = text.plist.xml; path = Info.plist; sourceTree = "<group>"; };
		3B5AC85128FE166A00BD8402 /* MainViewController.swift */ = {isa = PBXFileReference; lastKnownFileType = sourcecode.swift; path = MainViewController.swift; sourceTree = "<group>"; };
		3B5AC85428FE1B2800BD8402 /* SearchViewController.swift */ = {isa = PBXFileReference; lastKnownFileType = sourcecode.swift; path = SearchViewController.swift; sourceTree = "<group>"; };
		3B5AC85628FE1B5E00BD8402 /* VideoViewController.swift */ = {isa = PBXFileReference; lastKnownFileType = sourcecode.swift; path = VideoViewController.swift; sourceTree = "<group>"; };
		3B5AC85828FE1B6500BD8402 /* ShopViewController.swift */ = {isa = PBXFileReference; lastKnownFileType = sourcecode.swift; path = ShopViewController.swift; sourceTree = "<group>"; };
		3B5AC85A28FE1B7300BD8402 /* ProfileViewController.swift */ = {isa = PBXFileReference; lastKnownFileType = sourcecode.swift; path = ProfileViewController.swift; sourceTree = "<group>"; };
		3B5AC85C28FE1DE100BD8402 /* UIViewController+Utils.swift */ = {isa = PBXFileReference; lastKnownFileType = sourcecode.swift; path = "UIViewController+Utils.swift"; sourceTree = "<group>"; };
		3B5BE96A29A7437F005253A4 /* IGEndpoint.swift */ = {isa = PBXFileReference; lastKnownFileType = sourcecode.swift; path = IGEndpoint.swift; sourceTree = "<group>"; };
		3B5BE96C29A74396005253A4 /* IGService.swift */ = {isa = PBXFileReference; lastKnownFileType = sourcecode.swift; path = IGService.swift; sourceTree = "<group>"; };
		3B5BE96E29A743C5005253A4 /* IGRequest.swift */ = {isa = PBXFileReference; lastKnownFileType = sourcecode.swift; path = IGRequest.swift; sourceTree = "<group>"; };
		3B5BE97029A743F5005253A4 /* LocalState.swift */ = {isa = PBXFileReference; lastKnownFileType = sourcecode.swift; path = LocalState.swift; sourceTree = "<group>"; };
		3B5BE97229A74410005253A4 /* Optional.swift */ = {isa = PBXFileReference; lastKnownFileType = sourcecode.swift; path = Optional.swift; sourceTree = "<group>"; };
		3B5BE97429A74425005253A4 /* String.swift */ = {isa = PBXFileReference; lastKnownFileType = sourcecode.swift; path = String.swift; sourceTree = "<group>"; };
		3B5BE97629A74440005253A4 /* UserDefaults.swift */ = {isa = PBXFileReference; lastKnownFileType = sourcecode.swift; path = UserDefaults.swift; sourceTree = "<group>"; };
		3B5BE97829A74718005253A4 /* AuthService.swift */ = {isa = PBXFileReference; lastKnownFileType = sourcecode.swift; path = AuthService.swift; sourceTree = "<group>"; };
		3B5BE97B29A74741005253A4 /* UserCredential.swift */ = {isa = PBXFileReference; lastKnownFileType = sourcecode.swift; path = UserCredential.swift; sourceTree = "<group>"; };
		3B64A4322973D55200CB5303 /* LoginOptionView.swift */ = {isa = PBXFileReference; lastKnownFileType = sourcecode.swift; path = LoginOptionView.swift; sourceTree = "<group>"; };
		3B64A4342973D92300CB5303 /* UIView.swift */ = {isa = PBXFileReference; lastKnownFileType = sourcecode.swift; path = UIView.swift; sourceTree = "<group>"; };
		3B65C63428FF1C020095799E /* Post.swift */ = {isa = PBXFileReference; lastKnownFileType = sourcecode.swift; path = Post.swift; sourceTree = "<group>"; };
		3B65C63628FF1E950095799E /* APICaller.swift */ = {isa = PBXFileReference; lastKnownFileType = sourcecode.swift; path = APICaller.swift; sourceTree = "<group>"; };
		3B6C54D6290253C9005972E4 /* ProfileImageView.swift */ = {isa = PBXFileReference; lastKnownFileType = sourcecode.swift; path = ProfileImageView.swift; sourceTree = "<group>"; };
		3B725A2D2979CCCB00A137FE /* UINavigationController.swift */ = {isa = PBXFileReference; lastKnownFileType = sourcecode.swift; path = UINavigationController.swift; sourceTree = "<group>"; };
		3B725A30297A318500A137FE /* IGUINavigationController.swift */ = {isa = PBXFileReference; lastKnownFileType = sourcecode.swift; path = IGUINavigationController.swift; sourceTree = "<group>"; };
		3B725A33297C7A6900A137FE /* UIStackView.swift */ = {isa = PBXFileReference; lastKnownFileType = sourcecode.swift; path = UIStackView.swift; sourceTree = "<group>"; };
		3B7936D7290DABEA001770D4 /* UIImage.swift */ = {isa = PBXFileReference; lastKnownFileType = sourcecode.swift; path = UIImage.swift; sourceTree = "<group>"; };
		3B8D32A5290718740069A015 /* ImageSource.swift */ = {isa = PBXFileReference; lastKnownFileType = sourcecode.swift; path = ImageSource.swift; sourceTree = "<group>"; };
		3B8F51162904879C00FA37F5 /* PostManager.swift */ = {isa = PBXFileReference; lastKnownFileType = sourcecode.swift; path = PostManager.swift; sourceTree = "<group>"; };
		3B8F511929048FF300FA37F5 /* PostCellViewModel.swift */ = {isa = PBXFileReference; lastKnownFileType = sourcecode.swift; path = PostCellViewModel.swift; sourceTree = "<group>"; };
		3B9742AD2904C69200FBC339 /* UIImageView+Utils.swift */ = {isa = PBXFileReference; lastKnownFileType = sourcecode.swift; path = "UIImageView+Utils.swift"; sourceTree = "<group>"; };
		3BB03D842904A2A1009872DB /* IGUser.swift */ = {isa = PBXFileReference; lastKnownFileType = sourcecode.swift; path = IGUser.swift; sourceTree = "<group>"; };
		3BDB48252902335F00E0FBA4 /* PostImageCell.swift */ = {isa = PBXFileReference; lastKnownFileType = sourcecode.swift; path = PostImageCell.swift; sourceTree = "<group>"; };
		3BDB482829023EAD00E0FBA4 /* PostHeaderCell.swift */ = {isa = PBXFileReference; lastKnownFileType = sourcecode.swift; path = PostHeaderCell.swift; sourceTree = "<group>"; };
		3BDEB2D329629F140041F33C /* LoginViewController.swift */ = {isa = PBXFileReference; lastKnownFileType = sourcecode.swift; path = LoginViewController.swift; sourceTree = "<group>"; };
		3BDEB2D62965E7940041F33C /* Constant.swift */ = {isa = PBXFileReference; lastKnownFileType = sourcecode.swift; path = Constant.swift; sourceTree = "<group>"; };
		3BE43926297756520016AB56 /* SignupViewController.swift */ = {isa = PBXFileReference; lastKnownFileType = sourcecode.swift; path = SignupViewController.swift; sourceTree = "<group>"; };
		3BE43929297879C90016AB56 /* SignupMethodButton.swift */ = {isa = PBXFileReference; lastKnownFileType = sourcecode.swift; path = SignupMethodButton.swift; sourceTree = "<group>"; };
		3BE44E5A2912DA280000A3E7 /* PostActionCell.swift */ = {isa = PBXFileReference; lastKnownFileType = sourcecode.swift; path = PostActionCell.swift; sourceTree = "<group>"; };
		3BE44E5E291303310000A3E7 /* PostCommentCell.swift */ = {isa = PBXFileReference; lastKnownFileType = sourcecode.swift; path = PostCommentCell.swift; sourceTree = "<group>"; };
/* End PBXFileReference section */

/* Begin PBXFrameworksBuildPhase section */
		3B5AC83228FB772A00BD8402 /* Frameworks */ = {
			isa = PBXFrameworksBuildPhase;
			buildActionMask = 2147483647;
			files = (
			);
			runOnlyForDeploymentPostprocessing = 0;
		};
/* End PBXFrameworksBuildPhase section */

/* Begin PBXGroup section */
		3B0E3125295FD32100321407 /* ViewModel */ = {
			isa = PBXGroup;
			children = (
				3B8F511929048FF300FA37F5 /* PostCellViewModel.swift */,
			);
			path = ViewModel;
			sourceTree = "<group>";
		};
		3B0E3126295FD32A00321407 /* Controller */ = {
			isa = PBXGroup;
			children = (
				3BDEB2D229629F070041F33C /* Login */,
				3BE4392B297879D20016AB56 /* Signup */,
				3B65C62E28FF1B9D0095799E /* MainControllers */,
				3B65C62F28FF1BB50095799E /* HomeTab */,
				3B65C63028FF1BC50095799E /* SearchTab */,
				3B0E312A295FD38C00321407 /* VideoTab */,
				3B0E3129295FD38600321407 /* ShopTab */,
				3B0E3128295FD37800321407 /* ProfileTab */,
				3B725A2F297A30ED00A137FE /* InheritanceController */,
			);
			path = Controller;
			sourceTree = "<group>";
		};
		3B0E3128295FD37800321407 /* ProfileTab */ = {
			isa = PBXGroup;
			children = (
				3B5AC85A28FE1B7300BD8402 /* ProfileViewController.swift */,
			);
			path = ProfileTab;
			sourceTree = "<group>";
		};
		3B0E3129295FD38600321407 /* ShopTab */ = {
			isa = PBXGroup;
			children = (
				3B5AC85828FE1B6500BD8402 /* ShopViewController.swift */,
			);
			path = ShopTab;
			sourceTree = "<group>";
		};
		3B0E312A295FD38C00321407 /* VideoTab */ = {
			isa = PBXGroup;
			children = (
				3B5AC85628FE1B5E00BD8402 /* VideoViewController.swift */,
			);
			path = VideoTab;
			sourceTree = "<group>";
		};
		3B0E312B295FD3B500321407 /* Button */ = {
			isa = PBXGroup;
			children = (
				3B55E2322919A262007969B0 /* RoundButton.swift */,
				3B55E2362919ADEF007969B0 /* MainButton.swift */,
			);
			path = Button;
			sourceTree = "<group>";
		};
		3B0E3131295FD41300321407 /* Home */ = {
			isa = PBXGroup;
			children = (
				3BDB48242902332100E0FBA4 /* PostTable */,
			);
			path = Home;
			sourceTree = "<group>";
		};
		3B55E2312919A252007969B0 /* CustomView */ = {
			isa = PBXGroup;
			children = (
				3B0E312B295FD3B500321407 /* Button */,
				3B4BD0AA296AA68600AE4454 /* SeparatorView.swift */,
			);
			path = CustomView;
			sourceTree = "<group>";
		};
		3B5AC82C28FB772A00BD8402 = {
			isa = PBXGroup;
			children = (
				3B5AC83728FB772B00BD8402 /* Instagram */,
				3B5AC83628FB772B00BD8402 /* Products */,
			);
			sourceTree = "<group>";
		};
		3B5AC83628FB772B00BD8402 /* Products */ = {
			isa = PBXGroup;
			children = (
				3B5AC83528FB772B00BD8402 /* Instagram.app */,
			);
			name = Products;
			sourceTree = "<group>";
		};
		3B5AC83728FB772B00BD8402 /* Instagram */ = {
			isa = PBXGroup;
			children = (
				3B5BE97A29A74730005253A4 /* UserCredential */,
				3B5BE96929A7436D005253A4 /* APICaller */,
				3B5AC83828FB772B00BD8402 /* AppDelegate.swift */,
				3B65C62C28FF1B6E0095799E /* Model */,
				3B5AC85028FB781F00BD8402 /* View */,
				3B0E3125295FD32100321407 /* ViewModel */,
				3B0E3126295FD32A00321407 /* Controller */,
				3B5AC85328FE1B0500BD8402 /* Utils */,
				3B5AC84E28FB77D700BD8402 /* Support */,
			);
			path = Instagram;
			sourceTree = "<group>";
		};
		3B5AC84E28FB77D700BD8402 /* Support */ = {
			isa = PBXGroup;
			children = (
				3B5AC84128FB772C00BD8402 /* Assets.xcassets */,
				3B5AC84328FB772C00BD8402 /* LaunchScreen.storyboard */,
				3B5AC84628FB772C00BD8402 /* Info.plist */,
			);
			name = Support;
			sourceTree = "<group>";
		};
		3B5AC85028FB781F00BD8402 /* View */ = {
			isa = PBXGroup;
			children = (
				3B64A4362976626700CB5303 /* Icons */,
				3BDEB2BE2962960E0041F33C /* Login */,
				3BE43928297879AA0016AB56 /* Signup */,
				3B0E3131295FD41300321407 /* Home */,
				3B55E2312919A252007969B0 /* CustomView */,
			);
			path = View;
			sourceTree = "<group>";
		};
		3B5AC85328FE1B0500BD8402 /* Utils */ = {
			isa = PBXGroup;
			children = (
				3B64A439297662AA00CB5303 /* Model */,
				3B64A438297662A100CB5303 /* UIKit */,
				3B64A4372976629100CB5303 /* APICaller */,
			);
			path = Utils;
			sourceTree = "<group>";
		};
		3B5BE96929A7436D005253A4 /* APICaller */ = {
			isa = PBXGroup;
			children = (
				3B5BE96A29A7437F005253A4 /* IGEndpoint.swift */,
				3B5BE96E29A743C5005253A4 /* IGRequest.swift */,
				3B5BE96C29A74396005253A4 /* IGService.swift */,
			);
			path = APICaller;
			sourceTree = "<group>";
		};
		3B5BE97A29A74730005253A4 /* UserCredential */ = {
			isa = PBXGroup;
			children = (
				3B5BE97829A74718005253A4 /* AuthService.swift */,
				3B5BE97B29A74741005253A4 /* UserCredential.swift */,
			);
			path = UserCredential;
			sourceTree = "<group>";
		};
		3B64A4362976626700CB5303 /* Icons */ = {
			isa = PBXGroup;
			children = (
				3B6C54D6290253C9005972E4 /* ProfileImageView.swift */,
			);
			path = Icons;
			sourceTree = "<group>";
		};
		3B64A4372976629100CB5303 /* APICaller */ = {
			isa = PBXGroup;
			children = (
				3B65C63628FF1E950095799E /* APICaller.swift */,
				3B8D32A5290718740069A015 /* ImageSource.swift */,
			);
			path = APICaller;
			sourceTree = "<group>";
		};
		3B64A438297662A100CB5303 /* UIKit */ = {
			isa = PBXGroup;
			children = (
				3B64A4342973D92300CB5303 /* UIView.swift */,
				3B725A33297C7A6900A137FE /* UIStackView.swift */,
				3B5AC85C28FE1DE100BD8402 /* UIViewController+Utils.swift */,
				3B9742AD2904C69200FBC339 /* UIImageView+Utils.swift */,
				3B7936D7290DABEA001770D4 /* UIImage.swift */,
				3B4BD0AE29735A8A00AE4454 /* UIColor.swift */,
				3B725A2D2979CCCB00A137FE /* UINavigationController.swift */,
			);
			path = UIKit;
			sourceTree = "<group>";
		};
		3B64A439297662AA00CB5303 /* Model */ = {
			isa = PBXGroup;
			children = (
				3BDEB2D62965E7940041F33C /* Constant.swift */,
				3B5BE97029A743F5005253A4 /* LocalState.swift */,
				3B5BE97229A74410005253A4 /* Optional.swift */,
				3B5BE97429A74425005253A4 /* String.swift */,
				3B5BE97629A74440005253A4 /* UserDefaults.swift */,
			);
			path = Model;
			sourceTree = "<group>";
		};
		3B65C62C28FF1B6E0095799E /* Model */ = {
			isa = PBXGroup;
			children = (
				3BB03D862904A2AA009872DB /* User */,
				3B65C63328FF1BF70095799E /* Post */,
			);
			path = Model;
			sourceTree = "<group>";
		};
		3B65C62E28FF1B9D0095799E /* MainControllers */ = {
			isa = PBXGroup;
			children = (
				3B5AC85128FE166A00BD8402 /* MainViewController.swift */,
			);
			path = MainControllers;
			sourceTree = "<group>";
		};
		3B65C62F28FF1BB50095799E /* HomeTab */ = {
			isa = PBXGroup;
			children = (
				3B5AC83C28FB772B00BD8402 /* HomeViewController.swift */,
				3B55E2342919A609007969B0 /* HomeViewControllerNavBar.swift */,
			);
			path = HomeTab;
			sourceTree = "<group>";
		};
		3B65C63028FF1BC50095799E /* SearchTab */ = {
			isa = PBXGroup;
			children = (
				3B5AC85428FE1B2800BD8402 /* SearchViewController.swift */,
			);
			path = SearchTab;
			sourceTree = "<group>";
		};
		3B65C63328FF1BF70095799E /* Post */ = {
			isa = PBXGroup;
			children = (
				3B65C63428FF1C020095799E /* Post.swift */,
				3B8F51162904879C00FA37F5 /* PostManager.swift */,
			);
			path = Post;
			sourceTree = "<group>";
		};
		3B725A2F297A30ED00A137FE /* InheritanceController */ = {
			isa = PBXGroup;
			children = (
				3B725A32297A32B000A137FE /* NavigationController */,
			);
			path = InheritanceController;
			sourceTree = "<group>";
		};
		3B725A32297A32B000A137FE /* NavigationController */ = {
			isa = PBXGroup;
			children = (
				3B725A30297A318500A137FE /* IGUINavigationController.swift */,
			);
			path = NavigationController;
			sourceTree = "<group>";
		};
		3BB03D862904A2AA009872DB /* User */ = {
			isa = PBXGroup;
			children = (
				3BB03D842904A2A1009872DB /* IGUser.swift */,
			);
			path = User;
			sourceTree = "<group>";
		};
		3BDB48242902332100E0FBA4 /* PostTable */ = {
			isa = PBXGroup;
			children = (
				3BDB482729023E9900E0FBA4 /* PostCell */,
			);
			path = PostTable;
			sourceTree = "<group>";
		};
		3BDB482729023E9900E0FBA4 /* PostCell */ = {
			isa = PBXGroup;
			children = (
				3BDB482829023EAD00E0FBA4 /* PostHeaderCell.swift */,
				3BDB48252902335F00E0FBA4 /* PostImageCell.swift */,
				3BE44E5A2912DA280000A3E7 /* PostActionCell.swift */,
				3BE44E5E291303310000A3E7 /* PostCommentCell.swift */,
			);
			path = PostCell;
			sourceTree = "<group>";
		};
		3BDEB2BE2962960E0041F33C /* Login */ = {
			isa = PBXGroup;
			children = (
				3B4BD0A629661B7000AE4454 /* LoginTextField.swift */,
				3B4BD0A8296A9FF000AE4454 /* OrSeparatorView.swift */,
				3B4BD0AC2973451900AE4454 /* LoginFooterView.swift */,
				3B64A4322973D55200CB5303 /* LoginOptionView.swift */,
			);
			path = Login;
			sourceTree = "<group>";
		};
		3BDEB2D229629F070041F33C /* Login */ = {
			isa = PBXGroup;
			children = (
				3BDEB2D329629F140041F33C /* LoginViewController.swift */,
			);
			path = Login;
			sourceTree = "<group>";
		};
		3BE43928297879AA0016AB56 /* Signup */ = {
			isa = PBXGroup;
			children = (
				3BE43929297879C90016AB56 /* SignupMethodButton.swift */,
			);
			path = Signup;
			sourceTree = "<group>";
		};
		3BE4392B297879D20016AB56 /* Signup */ = {
			isa = PBXGroup;
			children = (
				3BE43926297756520016AB56 /* SignupViewController.swift */,
			);
			path = Signup;
			sourceTree = "<group>";
		};
/* End PBXGroup section */

/* Begin PBXNativeTarget section */
		3B5AC83428FB772A00BD8402 /* Instagram */ = {
			isa = PBXNativeTarget;
			buildConfigurationList = 3B5AC84928FB772C00BD8402 /* Build configuration list for PBXNativeTarget "Instagram" */;
			buildPhases = (
				3B5AC83128FB772A00BD8402 /* Sources */,
				3B5AC83228FB772A00BD8402 /* Frameworks */,
				3B5AC83328FB772A00BD8402 /* Resources */,
			);
			buildRules = (
			);
			dependencies = (
			);
			name = Instagram;
			productName = Instagram;
			productReference = 3B5AC83528FB772B00BD8402 /* Instagram.app */;
			productType = "com.apple.product-type.application";
		};
/* End PBXNativeTarget section */

/* Begin PBXProject section */
		3B5AC82D28FB772A00BD8402 /* Project object */ = {
			isa = PBXProject;
			attributes = {
				BuildIndependentTargetsInParallel = 1;
				LastSwiftUpdateCheck = 1340;
				LastUpgradeCheck = 1340;
				TargetAttributes = {
					3B5AC83428FB772A00BD8402 = {
						CreatedOnToolsVersion = 13.4.1;
					};
				};
			};
			buildConfigurationList = 3B5AC83028FB772A00BD8402 /* Build configuration list for PBXProject "Instagram" */;
			compatibilityVersion = "Xcode 13.0";
			developmentRegion = en;
			hasScannedForEncodings = 0;
			knownRegions = (
				en,
				Base,
			);
			mainGroup = 3B5AC82C28FB772A00BD8402;
			productRefGroup = 3B5AC83628FB772B00BD8402 /* Products */;
			projectDirPath = "";
			projectRoot = "";
			targets = (
				3B5AC83428FB772A00BD8402 /* Instagram */,
			);
		};
/* End PBXProject section */

/* Begin PBXResourcesBuildPhase section */
		3B5AC83328FB772A00BD8402 /* Resources */ = {
			isa = PBXResourcesBuildPhase;
			buildActionMask = 2147483647;
			files = (
				3B5AC84528FB772C00BD8402 /* LaunchScreen.storyboard in Resources */,
				3B5AC84228FB772C00BD8402 /* Assets.xcassets in Resources */,
			);
			runOnlyForDeploymentPostprocessing = 0;
		};
/* End PBXResourcesBuildPhase section */

/* Begin PBXSourcesBuildPhase section */
		3B5AC83128FB772A00BD8402 /* Sources */ = {
			isa = PBXSourcesBuildPhase;
			buildActionMask = 2147483647;
			files = (
				3B4BD0A9296A9FF000AE4454 /* OrSeparatorView.swift in Sources */,
				3B5BE97929A74718005253A4 /* AuthService.swift in Sources */,
				3BDEB2D429629F140041F33C /* LoginViewController.swift in Sources */,
				3B725A2E2979CCCB00A137FE /* UINavigationController.swift in Sources */,
				3B5AC85D28FE1DE100BD8402 /* UIViewController+Utils.swift in Sources */,
				3B5AC85228FE166A00BD8402 /* MainViewController.swift in Sources */,
				3B5AC83D28FB772B00BD8402 /* HomeViewController.swift in Sources */,
				3B4BD0AF29735A8A00AE4454 /* UIColor.swift in Sources */,
				3B55E2352919A609007969B0 /* HomeViewControllerNavBar.swift in Sources */,
				3B55E2372919ADEF007969B0 /* MainButton.swift in Sources */,
				3B5AC85928FE1B6500BD8402 /* ShopViewController.swift in Sources */,
				3B725A31297A318500A137FE /* IGUINavigationController.swift in Sources */,
				3B5BE96D29A74396005253A4 /* IGService.swift in Sources */,
				3B5BE97529A74425005253A4 /* String.swift in Sources */,
				3BDEB2D72965E7940041F33C /* Constant.swift in Sources */,
				3B5BE97729A74440005253A4 /* UserDefaults.swift in Sources */,
				3B5BE96F29A743C5005253A4 /* IGRequest.swift in Sources */,
				3BE4392A297879C90016AB56 /* SignupMethodButton.swift in Sources */,
				3B55E2332919A262007969B0 /* RoundButton.swift in Sources */,
				3B4BD0A729661B7000AE4454 /* LoginTextField.swift in Sources */,
				3BB03D852904A2A1009872DB /* IGUser.swift in Sources */,
				3B4BD0AB296AA68600AE4454 /* SeparatorView.swift in Sources */,
				3B7936D8290DABEA001770D4 /* UIImage.swift in Sources */,
				3B64A4332973D55200CB5303 /* LoginOptionView.swift in Sources */,
				3BE44E5B2912DA280000A3E7 /* PostActionCell.swift in Sources */,
				3B9742AE2904C69200FBC339 /* UIImageView+Utils.swift in Sources */,
				3B5BE97329A74410005253A4 /* Optional.swift in Sources */,
				3B5BE97C29A74741005253A4 /* UserCredential.swift in Sources */,
				3B5AC85528FE1B2800BD8402 /* SearchViewController.swift in Sources */,
				3BDB482929023EAD00E0FBA4 /* PostHeaderCell.swift in Sources */,
				3B5AC85B28FE1B7300BD8402 /* ProfileViewController.swift in Sources */,
				3B6C54D7290253C9005972E4 /* ProfileImageView.swift in Sources */,
				3BE43927297756520016AB56 /* SignupViewController.swift in Sources */,
				3B8F511A29048FF300FA37F5 /* PostCellViewModel.swift in Sources */,
				3B65C63728FF1E950095799E /* APICaller.swift in Sources */,
				3B5AC85728FE1B5E00BD8402 /* VideoViewController.swift in Sources */,
				3B5AC83928FB772B00BD8402 /* AppDelegate.swift in Sources */,
				3B8F51172904879C00FA37F5 /* PostManager.swift in Sources */,
				3B5BE97129A743F5005253A4 /* LocalState.swift in Sources */,
				3B8D32A6290718740069A015 /* ImageSource.swift in Sources */,
				3B65C63528FF1C020095799E /* Post.swift in Sources */,
				3BDB48262902335F00E0FBA4 /* PostImageCell.swift in Sources */,
				3B64A4352973D92300CB5303 /* UIView.swift in Sources */,
				3BE44E5F291303310000A3E7 /* PostCommentCell.swift in Sources */,
				3B5BE96B29A7437F005253A4 /* IGEndpoint.swift in Sources */,
				3B725A34297C7A6900A137FE /* UIStackView.swift in Sources */,
				3B4BD0AD2973451900AE4454 /* LoginFooterView.swift in Sources */,
			);
			runOnlyForDeploymentPostprocessing = 0;
		};
/* End PBXSourcesBuildPhase section */

/* Begin PBXVariantGroup section */
		3B5AC84328FB772C00BD8402 /* LaunchScreen.storyboard */ = {
			isa = PBXVariantGroup;
			children = (
				3B5AC84428FB772C00BD8402 /* Base */,
			);
			name = LaunchScreen.storyboard;
			sourceTree = "<group>";
		};
/* End PBXVariantGroup section */

/* Begin XCBuildConfiguration section */
		3B5AC84728FB772C00BD8402 /* Debug */ = {
			isa = XCBuildConfiguration;
			buildSettings = {
				ALWAYS_SEARCH_USER_PATHS = NO;
				CLANG_ANALYZER_NONNULL = YES;
				CLANG_ANALYZER_NUMBER_OBJECT_CONVERSION = YES_AGGRESSIVE;
				CLANG_CXX_LANGUAGE_STANDARD = "gnu++17";
				CLANG_ENABLE_MODULES = YES;
				CLANG_ENABLE_OBJC_ARC = YES;
				CLANG_ENABLE_OBJC_WEAK = YES;
				CLANG_WARN_BLOCK_CAPTURE_AUTORELEASING = YES;
				CLANG_WARN_BOOL_CONVERSION = YES;
				CLANG_WARN_COMMA = YES;
				CLANG_WARN_CONSTANT_CONVERSION = YES;
				CLANG_WARN_DEPRECATED_OBJC_IMPLEMENTATIONS = YES;
				CLANG_WARN_DIRECT_OBJC_ISA_USAGE = YES_ERROR;
				CLANG_WARN_DOCUMENTATION_COMMENTS = YES;
				CLANG_WARN_EMPTY_BODY = YES;
				CLANG_WARN_ENUM_CONVERSION = YES;
				CLANG_WARN_INFINITE_RECURSION = YES;
				CLANG_WARN_INT_CONVERSION = YES;
				CLANG_WARN_NON_LITERAL_NULL_CONVERSION = YES;
				CLANG_WARN_OBJC_IMPLICIT_RETAIN_SELF = YES;
				CLANG_WARN_OBJC_LITERAL_CONVERSION = YES;
				CLANG_WARN_OBJC_ROOT_CLASS = YES_ERROR;
				CLANG_WARN_QUOTED_INCLUDE_IN_FRAMEWORK_HEADER = YES;
				CLANG_WARN_RANGE_LOOP_ANALYSIS = YES;
				CLANG_WARN_STRICT_PROTOTYPES = YES;
				CLANG_WARN_SUSPICIOUS_MOVE = YES;
				CLANG_WARN_UNGUARDED_AVAILABILITY = YES_AGGRESSIVE;
				CLANG_WARN_UNREACHABLE_CODE = YES;
				CLANG_WARN__DUPLICATE_METHOD_MATCH = YES;
				COPY_PHASE_STRIP = NO;
				DEBUG_INFORMATION_FORMAT = dwarf;
				ENABLE_STRICT_OBJC_MSGSEND = YES;
				ENABLE_TESTABILITY = YES;
				GCC_C_LANGUAGE_STANDARD = gnu11;
				GCC_DYNAMIC_NO_PIC = NO;
				GCC_NO_COMMON_BLOCKS = YES;
				GCC_OPTIMIZATION_LEVEL = 0;
				GCC_PREPROCESSOR_DEFINITIONS = (
					"DEBUG=1",
					"$(inherited)",
				);
				GCC_WARN_64_TO_32_BIT_CONVERSION = YES;
				GCC_WARN_ABOUT_RETURN_TYPE = YES_ERROR;
				GCC_WARN_UNDECLARED_SELECTOR = YES;
				GCC_WARN_UNINITIALIZED_AUTOS = YES_AGGRESSIVE;
				GCC_WARN_UNUSED_FUNCTION = YES;
				GCC_WARN_UNUSED_VARIABLE = YES;
				IPHONEOS_DEPLOYMENT_TARGET = 15.5;
				MTL_ENABLE_DEBUG_INFO = INCLUDE_SOURCE;
				MTL_FAST_MATH = YES;
				ONLY_ACTIVE_ARCH = YES;
				SDKROOT = iphoneos;
				SWIFT_ACTIVE_COMPILATION_CONDITIONS = DEBUG;
				SWIFT_OPTIMIZATION_LEVEL = "-Onone";
			};
			name = Debug;
		};
		3B5AC84828FB772C00BD8402 /* Release */ = {
			isa = XCBuildConfiguration;
			buildSettings = {
				ALWAYS_SEARCH_USER_PATHS = NO;
				CLANG_ANALYZER_NONNULL = YES;
				CLANG_ANALYZER_NUMBER_OBJECT_CONVERSION = YES_AGGRESSIVE;
				CLANG_CXX_LANGUAGE_STANDARD = "gnu++17";
				CLANG_ENABLE_MODULES = YES;
				CLANG_ENABLE_OBJC_ARC = YES;
				CLANG_ENABLE_OBJC_WEAK = YES;
				CLANG_WARN_BLOCK_CAPTURE_AUTORELEASING = YES;
				CLANG_WARN_BOOL_CONVERSION = YES;
				CLANG_WARN_COMMA = YES;
				CLANG_WARN_CONSTANT_CONVERSION = YES;
				CLANG_WARN_DEPRECATED_OBJC_IMPLEMENTATIONS = YES;
				CLANG_WARN_DIRECT_OBJC_ISA_USAGE = YES_ERROR;
				CLANG_WARN_DOCUMENTATION_COMMENTS = YES;
				CLANG_WARN_EMPTY_BODY = YES;
				CLANG_WARN_ENUM_CONVERSION = YES;
				CLANG_WARN_INFINITE_RECURSION = YES;
				CLANG_WARN_INT_CONVERSION = YES;
				CLANG_WARN_NON_LITERAL_NULL_CONVERSION = YES;
				CLANG_WARN_OBJC_IMPLICIT_RETAIN_SELF = YES;
				CLANG_WARN_OBJC_LITERAL_CONVERSION = YES;
				CLANG_WARN_OBJC_ROOT_CLASS = YES_ERROR;
				CLANG_WARN_QUOTED_INCLUDE_IN_FRAMEWORK_HEADER = YES;
				CLANG_WARN_RANGE_LOOP_ANALYSIS = YES;
				CLANG_WARN_STRICT_PROTOTYPES = YES;
				CLANG_WARN_SUSPICIOUS_MOVE = YES;
				CLANG_WARN_UNGUARDED_AVAILABILITY = YES_AGGRESSIVE;
				CLANG_WARN_UNREACHABLE_CODE = YES;
				CLANG_WARN__DUPLICATE_METHOD_MATCH = YES;
				COPY_PHASE_STRIP = NO;
				DEBUG_INFORMATION_FORMAT = "dwarf-with-dsym";
				ENABLE_NS_ASSERTIONS = NO;
				ENABLE_STRICT_OBJC_MSGSEND = YES;
				GCC_C_LANGUAGE_STANDARD = gnu11;
				GCC_NO_COMMON_BLOCKS = YES;
				GCC_WARN_64_TO_32_BIT_CONVERSION = YES;
				GCC_WARN_ABOUT_RETURN_TYPE = YES_ERROR;
				GCC_WARN_UNDECLARED_SELECTOR = YES;
				GCC_WARN_UNINITIALIZED_AUTOS = YES_AGGRESSIVE;
				GCC_WARN_UNUSED_FUNCTION = YES;
				GCC_WARN_UNUSED_VARIABLE = YES;
				IPHONEOS_DEPLOYMENT_TARGET = 15.5;
				MTL_ENABLE_DEBUG_INFO = NO;
				MTL_FAST_MATH = YES;
				SDKROOT = iphoneos;
				SWIFT_COMPILATION_MODE = wholemodule;
				SWIFT_OPTIMIZATION_LEVEL = "-O";
				VALIDATE_PRODUCT = YES;
			};
			name = Release;
		};
		3B5AC84A28FB772C00BD8402 /* Debug */ = {
			isa = XCBuildConfiguration;
			buildSettings = {
				ASSETCATALOG_COMPILER_APPICON_NAME = AppIcon;
				ASSETCATALOG_COMPILER_GLOBAL_ACCENT_COLOR_NAME = AccentColor;
				CODE_SIGN_STYLE = Automatic;
				CURRENT_PROJECT_VERSION = 1;
				DEVELOPMENT_TEAM = 242M47354M;
				GENERATE_INFOPLIST_FILE = YES;
				INFOPLIST_FILE = Instagram/Info.plist;
				INFOPLIST_KEY_UIApplicationSupportsIndirectInputEvents = YES;
				INFOPLIST_KEY_UILaunchStoryboardName = LaunchScreen;
				INFOPLIST_KEY_UISupportedInterfaceOrientations_iPad = "UIInterfaceOrientationPortrait UIInterfaceOrientationPortraitUpsideDown UIInterfaceOrientationLandscapeLeft UIInterfaceOrientationLandscapeRight";
				INFOPLIST_KEY_UISupportedInterfaceOrientations_iPhone = "UIInterfaceOrientationPortrait UIInterfaceOrientationLandscapeLeft UIInterfaceOrientationLandscapeRight";
				LD_RUNPATH_SEARCH_PATHS = (
					"$(inherited)",
					"@executable_path/Frameworks",
				);
				MARKETING_VERSION = 1.0;
				PRODUCT_BUNDLE_IDENTIFIER = huang.yan.Instagram;
				PRODUCT_NAME = "$(TARGET_NAME)";
				SWIFT_EMIT_LOC_STRINGS = YES;
				SWIFT_VERSION = 5.0;
				TARGETED_DEVICE_FAMILY = "1,2";
			};
			name = Debug;
		};
		3B5AC84B28FB772C00BD8402 /* Release */ = {
			isa = XCBuildConfiguration;
			buildSettings = {
				ASSETCATALOG_COMPILER_APPICON_NAME = AppIcon;
				ASSETCATALOG_COMPILER_GLOBAL_ACCENT_COLOR_NAME = AccentColor;
				CODE_SIGN_STYLE = Automatic;
				CURRENT_PROJECT_VERSION = 1;
				DEVELOPMENT_TEAM = 242M47354M;
				GENERATE_INFOPLIST_FILE = YES;
				INFOPLIST_FILE = Instagram/Info.plist;
				INFOPLIST_KEY_UIApplicationSupportsIndirectInputEvents = YES;
				INFOPLIST_KEY_UILaunchStoryboardName = LaunchScreen;
				INFOPLIST_KEY_UISupportedInterfaceOrientations_iPad = "UIInterfaceOrientationPortrait UIInterfaceOrientationPortraitUpsideDown UIInterfaceOrientationLandscapeLeft UIInterfaceOrientationLandscapeRight";
				INFOPLIST_KEY_UISupportedInterfaceOrientations_iPhone = "UIInterfaceOrientationPortrait UIInterfaceOrientationLandscapeLeft UIInterfaceOrientationLandscapeRight";
				LD_RUNPATH_SEARCH_PATHS = (
					"$(inherited)",
					"@executable_path/Frameworks",
				);
				MARKETING_VERSION = 1.0;
				PRODUCT_BUNDLE_IDENTIFIER = huang.yan.Instagram;
				PRODUCT_NAME = "$(TARGET_NAME)";
				SWIFT_EMIT_LOC_STRINGS = YES;
				SWIFT_VERSION = 5.0;
				TARGETED_DEVICE_FAMILY = "1,2";
			};
			name = Release;
		};
/* End XCBuildConfiguration section */

/* Begin XCConfigurationList section */
		3B5AC83028FB772A00BD8402 /* Build configuration list for PBXProject "Instagram" */ = {
			isa = XCConfigurationList;
			buildConfigurations = (
				3B5AC84728FB772C00BD8402 /* Debug */,
				3B5AC84828FB772C00BD8402 /* Release */,
			);
			defaultConfigurationIsVisible = 0;
			defaultConfigurationName = Release;
		};
		3B5AC84928FB772C00BD8402 /* Build configuration list for PBXNativeTarget "Instagram" */ = {
			isa = XCConfigurationList;
			buildConfigurations = (
				3B5AC84A28FB772C00BD8402 /* Debug */,
				3B5AC84B28FB772C00BD8402 /* Release */,
			);
			defaultConfigurationIsVisible = 0;
			defaultConfigurationName = Release;
		};
/* End XCConfigurationList section */
	};
	rootObject = 3B5AC82D28FB772A00BD8402 /* Project object */;
}
